
Microsoft Visual Studio Solution File, Format Version 12.00
# Visual Studio Version 17
VisualStudioVersion = 17.11.35327.3
MinimumVisualStudioVersion = 10.0.40219.1
Project("{9A19103F-16F7-4668-BE54-9A1E7A4F7556}") = "InMemory.Caching", "InMemory.Caching\InMemory.Caching.csproj", "{2D4160E1-5902-41AF-B6B7-1BD97FD5C215}"
EndProject
Project("{9A19103F-16F7-4668-BE54-9A1E7A4F7556}") = "Distributed.Caching", "Distributed.Caching\Distributed.Caching.csproj", "{66380415-FEE6-4234-B6AB-429CA382DB9F}"
EndProject
Project("{9A19103F-16F7-4668-BE54-9A1E7A4F7556}") = "Redis.Pub.Sub", "Redis.Pub.Sub\Redis.Pub.Sub.csproj", "{31191054-7656-4D6D-A3AA-07702E23B5B9}"
EndProject
Project("{9A19103F-16F7-4668-BE54-9A1E7A4F7556}") = "Redis.Sentinel", "Redis.Sentinel\Redis.Sentinel.csproj", "{196E827E-DC02-429F-8204-284E799F8387}"
EndProject
Project("{9A19103F-16F7-4668-BE54-9A1E7A4F7556}") = "Redis-Example-Catalog", "Redis-Example-Catalog\Redis-Example-Catalog.csproj", "{D22BAC47-7CC5-48DF-8D85-1FBA660CF2E0}"
EndProject
Project("{FAE04EC0-301F-11D3-BF4B-00C04F79EFBC}") = "Redis-Example-Session", "Redis-Example-Session\Redis-Example-Session.csproj", "{09F5ED42-6269-4D8E-9F39-EFC1C9D989C8}"
EndProject
Global
	GlobalSection(SolutionConfigurationPlatforms) = preSolution
		Debug|Any CPU = Debug|Any CPU
		Release|Any CPU = Release|Any CPU
	EndGlobalSection
	GlobalSection(ProjectConfigurationPlatforms) = postSolution
		{2D4160E1-5902-41AF-B6B7-1BD97FD5C215}.Debug|Any CPU.ActiveCfg = Debug|Any CPU
		{2D4160E1-5902-41AF-B6B7-1BD97FD5C215}.Debug|Any CPU.Build.0 = Debug|Any CPU
		{2D4160E1-5902-41AF-B6B7-1BD97FD5C215}.Release|Any CPU.ActiveCfg = Release|Any CPU
		{2D4160E1-5902-41AF-B6B7-1BD97FD5C215}.Release|Any CPU.Build.0 = Release|Any CPU
		{66380415-FEE6-4234-B6AB-429CA382DB9F}.Debug|Any CPU.ActiveCfg = Debug|Any CPU
		{66380415-FEE6-4234-B6AB-429CA382DB9F}.Debug|Any CPU.Build.0 = Debug|Any CPU
		{66380415-FEE6-4234-B6AB-429CA382DB9F}.Release|Any CPU.ActiveCfg = Release|Any CPU
		{66380415-FEE6-4234-B6AB-429CA382DB9F}.Release|Any CPU.Build.0 = Release|Any CPU
		{31191054-7656-4D6D-A3AA-07702E23B5B9}.Debug|Any CPU.ActiveCfg = Debug|Any CPU
		{31191054-7656-4D6D-A3AA-07702E23B5B9}.Debug|Any CPU.Build.0 = Debug|Any CPU
		{31191054-7656-4D6D-A3AA-07702E23B5B9}.Release|Any CPU.ActiveCfg = Release|Any CPU
		{31191054-7656-4D6D-A3AA-07702E23B5B9}.Release|Any CPU.Build.0 = Release|Any CPU
		{196E827E-DC02-429F-8204-284E799F8387}.Debug|Any CPU.ActiveCfg = Debug|Any CPU
		{196E827E-DC02-429F-8204-284E799F8387}.Debug|Any CPU.Build.0 = Debug|Any CPU
		{196E827E-DC02-429F-8204-284E799F8387}.Release|Any CPU.ActiveCfg = Release|Any CPU
		{196E827E-DC02-429F-8204-284E799F8387}.Release|Any CPU.Build.0 = Release|Any CPU
		{D22BAC47-7CC5-48DF-8D85-1FBA660CF2E0}.Debug|Any CPU.ActiveCfg = Debug|Any CPU
		{D22BAC47-7CC5-48DF-8D85-1FBA660CF2E0}.Debug|Any CPU.Build.0 = Debug|Any CPU
		{D22BAC47-7CC5-48DF-8D85-1FBA660CF2E0}.Release|Any CPU.ActiveCfg = Release|Any CPU
		{D22BAC47-7CC5-48DF-8D85-1FBA660CF2E0}.Release|Any CPU.Build.0 = Release|Any CPU
		{09F5ED42-6269-4D8E-9F39-EFC1C9D989C8}.Debug|Any CPU.ActiveCfg = Debug|Any CPU
		{09F5ED42-6269-4D8E-9F39-EFC1C9D989C8}.Debug|Any CPU.Build.0 = Debug|Any CPU
		{09F5ED42-6269-4D8E-9F39-EFC1C9D989C8}.Release|Any CPU.ActiveCfg = Release|Any CPU
		{09F5ED42-6269-4D8E-9F39-EFC1C9D989C8}.Release|Any CPU.Build.0 = Release|Any CPU
	EndGlobalSection
	GlobalSection(SolutionProperties) = preSolution
		HideSolutionNode = FALSE
	EndGlobalSection
	GlobalSection(ExtensibilityGlobals) = postSolution
		SolutionGuid = {0A885B32-4BAD-4B82-B713-0330FC1E5615}
	EndGlobalSection
EndGlobal
